// !$*UTF8*$!
{
	archiveVersion = 1;
	classes = {
	};
	objectVersion = 50;
	objects = {

/* Begin PBXBuildFile section */
		8A0C68552246891C005C5B57 /* SettingsLauncher.swift in Sources */ = {isa = PBXBuildFile; fileRef = 8A0C68542246891C005C5B57 /* SettingsLauncher.swift */; };
		8A26E2B52234379700E97351 /* AppDelegate.swift in Sources */ = {isa = PBXBuildFile; fileRef = 8A26E2B42234379700E97351 /* AppDelegate.swift */; };
		8A26E2B72234379700E97351 /* CustomCollectionView.swift in Sources */ = {isa = PBXBuildFile; fileRef = 8A26E2B62234379700E97351 /* CustomCollectionView.swift */; };
		8A26E2BC2234379A00E97351 /* Assets.xcassets in Resources */ = {isa = PBXBuildFile; fileRef = 8A26E2BB2234379A00E97351 /* Assets.xcassets */; };
		8A26E2BF2234379A00E97351 /* LaunchScreen.storyboard in Resources */ = {isa = PBXBuildFile; fileRef = 8A26E2BD2234379A00E97351 /* LaunchScreen.storyboard */; };
		8A26E2CA2234379A00E97351 /* LearnIOSTests.swift in Sources */ = {isa = PBXBuildFile; fileRef = 8A26E2C92234379A00E97351 /* LearnIOSTests.swift */; };
		8A26E2D52234526E00E97351 /* CustomCell.swift in Sources */ = {isa = PBXBuildFile; fileRef = 8A26E2D42234526E00E97351 /* CustomCell.swift */; };
		8A26E2D82234671E00E97351 /* CaursolVC.swift in Sources */ = {isa = PBXBuildFile; fileRef = 8A26E2D72234671E00E97351 /* CaursolVC.swift */; };
		8A26E2E422357A6500E97351 /* EntryCell.swift in Sources */ = {isa = PBXBuildFile; fileRef = 8A26E2E322357A6500E97351 /* EntryCell.swift */; };
		8A26E2E622357D7700E97351 /* EntryListVC.swift in Sources */ = {isa = PBXBuildFile; fileRef = 8A26E2E522357D7700E97351 /* EntryListVC.swift */; };
		8A7B1D8D22400B2300E02FF6 /* MenuBar.swift in Sources */ = {isa = PBXBuildFile; fileRef = 8A7B1D8922400B2200E02FF6 /* MenuBar.swift */; };
		8A7B1D8E22400B2300E02FF6 /* HomeController.swift in Sources */ = {isa = PBXBuildFile; fileRef = 8A7B1D8A22400B2200E02FF6 /* HomeController.swift */; };
		8A7B1D8F22400B2300E02FF6 /* MenuCell.swift in Sources */ = {isa = PBXBuildFile; fileRef = 8A7B1D8B22400B2200E02FF6 /* MenuCell.swift */; };
		8A7B1D9022400B2300E02FF6 /* VideoCell.swift in Sources */ = {isa = PBXBuildFile; fileRef = 8A7B1D8C22400B2200E02FF6 /* VideoCell.swift */; };
		8A7B1D9A22400BF100E02FF6 /* FBSummryLearn.swift in Sources */ = {isa = PBXBuildFile; fileRef = 8A7B1D9522400BF100E02FF6 /* FBSummryLearn.swift */; };
		8A7B1D9B22400BF100E02FF6 /* CustomTabBarController.swift in Sources */ = {isa = PBXBuildFile; fileRef = 8A7B1D9622400BF100E02FF6 /* CustomTabBarController.swift */; };
		8A7B1D9C22400BF100E02FF6 /* FeedCell.swift in Sources */ = {isa = PBXBuildFile; fileRef = 8A7B1D9722400BF100E02FF6 /* FeedCell.swift */; };
		8A7B1D9D22400BF100E02FF6 /* FeedController.swift in Sources */ = {isa = PBXBuildFile; fileRef = 8A7B1D9822400BF100E02FF6 /* FeedController.swift */; };
		8A7B1D9E22400BF100E02FF6 /* Post.swift in Sources */ = {isa = PBXBuildFile; fileRef = 8A7B1D9922400BF100E02FF6 /* Post.swift */; };
		8A7B1DB122400C3500E02FF6 /* QuestionController.swift in Sources */ = {isa = PBXBuildFile; fileRef = 8A7B1DAB22400C3500E02FF6 /* QuestionController.swift */; };
		8A7B1DB222400C3500E02FF6 /* ResultsVC.swift in Sources */ = {isa = PBXBuildFile; fileRef = 8A7B1DAC22400C3500E02FF6 /* ResultsVC.swift */; };
		8A7B1DB322400C3500E02FF6 /* QuestionCell.swift in Sources */ = {isa = PBXBuildFile; fileRef = 8A7B1DAD22400C3500E02FF6 /* QuestionCell.swift */; };
		8A7B1DB422400C3500E02FF6 /* QuestionHeaderCell.swift in Sources */ = {isa = PBXBuildFile; fileRef = 8A7B1DAE22400C3500E02FF6 /* QuestionHeaderCell.swift */; };
		8A7B1DB522400C3500E02FF6 /* QuestionLearn.swift in Sources */ = {isa = PBXBuildFile; fileRef = 8A7B1DAF22400C3500E02FF6 /* QuestionLearn.swift */; };
		8A7B1DB622400C3500E02FF6 /* Question.swift in Sources */ = {isa = PBXBuildFile; fileRef = 8A7B1DB022400C3500E02FF6 /* Question.swift */; };
		8A7B1DBA22400C6200E02FF6 /* ToDoCell.swift in Sources */ = {isa = PBXBuildFile; fileRef = 8A7B1DB722400C6200E02FF6 /* ToDoCell.swift */; };
		8A7B1DBB22400C6200E02FF6 /* ToDoHeaderCell.swift in Sources */ = {isa = PBXBuildFile; fileRef = 8A7B1DB822400C6200E02FF6 /* ToDoHeaderCell.swift */; };
		8A7B1DBC22400C6200E02FF6 /* ToDoListVC.swift in Sources */ = {isa = PBXBuildFile; fileRef = 8A7B1DB922400C6200E02FF6 /* ToDoListVC.swift */; };
		8A7B1DBE22400CDE00E02FF6 /* Utilits.swift in Sources */ = {isa = PBXBuildFile; fileRef = 8A7B1DBD22400CDE00E02FF6 /* Utilits.swift */; };
		8A7B1DC122400D9000E02FF6 /* R.generated.swift in Sources */ = {isa = PBXBuildFile; fileRef = 8A7B1DC022400D9000E02FF6 /* R.generated.swift */; };
		8A7B1DC4224019C700E02FF6 /* Video.swift in Sources */ = {isa = PBXBuildFile; fileRef = 8A7B1DC3224019C700E02FF6 /* Video.swift */; };
		8ADC5D3522412352000C82A6 /* CustomImageView.swift in Sources */ = {isa = PBXBuildFile; fileRef = 8ADC5D3422412352000C82A6 /* CustomImageView.swift */; };
		8AEEB1C622469405005BB0E7 /* SettingCell.swift in Sources */ = {isa = PBXBuildFile; fileRef = 8AEEB1C522469405005BB0E7 /* SettingCell.swift */; };
		8AEEB1C82246BB82005BB0E7 /* APIService.swift in Sources */ = {isa = PBXBuildFile; fileRef = 8AEEB1C72246BB82005BB0E7 /* APIService.swift */; };
		8AEEB1DC2248F1A3005BB0E7 /* MenuBar+CollectionView.swift in Sources */ = {isa = PBXBuildFile; fileRef = 8AEEB1DB2248F1A3005BB0E7 /* MenuBar+CollectionView.swift */; };
		8AEEB1E02248F90F005BB0E7 /* ViewController+Delegate.swift in Sources */ = {isa = PBXBuildFile; fileRef = 8AEEB1DF2248F90F005BB0E7 /* ViewController+Delegate.swift */; };
		8AEEB1E222491AD3005BB0E7 /* CustomFeedCell.swift in Sources */ = {isa = PBXBuildFile; fileRef = 8AEEB1E122491AD3005BB0E7 /* CustomFeedCell.swift */; };
		8AEEB1E422492719005BB0E7 /* TrendingCell.swift in Sources */ = {isa = PBXBuildFile; fileRef = 8AEEB1E322492719005BB0E7 /* TrendingCell.swift */; };
		8AEEB1E622492762005BB0E7 /* SubscriptionCell.swift in Sources */ = {isa = PBXBuildFile; fileRef = 8AEEB1E522492762005BB0E7 /* SubscriptionCell.swift */; };
		8AEEB1E8224929E1005BB0E7 /* VideoPlayerView.swift in Sources */ = {isa = PBXBuildFile; fileRef = 8AEEB1E7224929E1005BB0E7 /* VideoPlayerView.swift */; };
		99DA002B2614C280C07AE828 /* Pods_LearnIOS.framework in Frameworks */ = {isa = PBXBuildFile; fileRef = 6C7F174B19C1095219BF5A4E /* Pods_LearnIOS.framework */; };
		F0BF85CCAB433EB3023A8225 /* Pods_LearnIOSTests.framework in Frameworks */ = {isa = PBXBuildFile; fileRef = A991DC45597A22361D5D871F /* Pods_LearnIOSTests.framework */; };
/* End PBXBuildFile section */

/* Begin PBXContainerItemProxy section */
		8A26E2C62234379A00E97351 /* PBXContainerItemProxy */ = {
			isa = PBXContainerItemProxy;
			containerPortal = 8A26E2A92234379700E97351 /* Project object */;
			proxyType = 1;
			remoteGlobalIDString = 8A26E2B02234379700E97351;
			remoteInfo = LearnIOS;
		};
/* End PBXContainerItemProxy section */

/* Begin PBXFileReference section */
		09754341102D2CC2A321DE67 /* Pods-LearnIOSTests.release.xcconfig */ = {isa = PBXFileReference; includeInIndex = 1; lastKnownFileType = text.xcconfig; name = "Pods-LearnIOSTests.release.xcconfig"; path = "Target Support Files/Pods-LearnIOSTests/Pods-LearnIOSTests.release.xcconfig"; sourceTree = "<group>"; };
		6C7F174B19C1095219BF5A4E /* Pods_LearnIOS.framework */ = {isa = PBXFileReference; explicitFileType = wrapper.framework; includeInIndex = 0; path = Pods_LearnIOS.framework; sourceTree = BUILT_PRODUCTS_DIR; };
		7633C478E532AB77DA33280A /* Pods-LearnIOSTests.debug.xcconfig */ = {isa = PBXFileReference; includeInIndex = 1; lastKnownFileType = text.xcconfig; name = "Pods-LearnIOSTests.debug.xcconfig"; path = "Target Support Files/Pods-LearnIOSTests/Pods-LearnIOSTests.debug.xcconfig"; sourceTree = "<group>"; };
		8A0C68542246891C005C5B57 /* SettingsLauncher.swift */ = {isa = PBXFileReference; lastKnownFileType = sourcecode.swift; path = SettingsLauncher.swift; sourceTree = "<group>"; };
		8A26E2B12234379700E97351 /* LearnIOS.app */ = {isa = PBXFileReference; explicitFileType = wrapper.application; includeInIndex = 0; path = LearnIOS.app; sourceTree = BUILT_PRODUCTS_DIR; };
		8A26E2B42234379700E97351 /* AppDelegate.swift */ = {isa = PBXFileReference; lastKnownFileType = sourcecode.swift; path = AppDelegate.swift; sourceTree = "<group>"; };
		8A26E2B62234379700E97351 /* CustomCollectionView.swift */ = {isa = PBXFileReference; lastKnownFileType = sourcecode.swift; path = CustomCollectionView.swift; sourceTree = "<group>"; };
		8A26E2BB2234379A00E97351 /* Assets.xcassets */ = {isa = PBXFileReference; lastKnownFileType = folder.assetcatalog; path = Assets.xcassets; sourceTree = "<group>"; };
		8A26E2BE2234379A00E97351 /* Base */ = {isa = PBXFileReference; lastKnownFileType = file.storyboard; name = Base; path = Base.lproj/LaunchScreen.storyboard; sourceTree = "<group>"; };
		8A26E2C02234379A00E97351 /* Info.plist */ = {isa = PBXFileReference; lastKnownFileType = text.plist.xml; path = Info.plist; sourceTree = "<group>"; };
		8A26E2C52234379A00E97351 /* LearnIOSTests.xctest */ = {isa = PBXFileReference; explicitFileType = wrapper.cfbundle; includeInIndex = 0; path = LearnIOSTests.xctest; sourceTree = BUILT_PRODUCTS_DIR; };
		8A26E2C92234379A00E97351 /* LearnIOSTests.swift */ = {isa = PBXFileReference; lastKnownFileType = sourcecode.swift; path = LearnIOSTests.swift; sourceTree = "<group>"; };
		8A26E2CB2234379A00E97351 /* Info.plist */ = {isa = PBXFileReference; lastKnownFileType = text.plist.xml; path = Info.plist; sourceTree = "<group>"; };
		8A26E2D42234526E00E97351 /* CustomCell.swift */ = {isa = PBXFileReference; lastKnownFileType = sourcecode.swift; path = CustomCell.swift; sourceTree = "<group>"; };
		8A26E2D72234671E00E97351 /* CaursolVC.swift */ = {isa = PBXFileReference; lastKnownFileType = sourcecode.swift; path = CaursolVC.swift; sourceTree = "<group>"; };
		8A26E2E322357A6500E97351 /* EntryCell.swift */ = {isa = PBXFileReference; lastKnownFileType = sourcecode.swift; path = EntryCell.swift; sourceTree = "<group>"; };
		8A26E2E522357D7700E97351 /* EntryListVC.swift */ = {isa = PBXFileReference; lastKnownFileType = sourcecode.swift; path = EntryListVC.swift; sourceTree = "<group>"; };
		8A7B1D8922400B2200E02FF6 /* MenuBar.swift */ = {isa = PBXFileReference; fileEncoding = 4; lastKnownFileType = sourcecode.swift; path = MenuBar.swift; sourceTree = "<group>"; };
		8A7B1D8A22400B2200E02FF6 /* HomeController.swift */ = {isa = PBXFileReference; fileEncoding = 4; lastKnownFileType = sourcecode.swift; path = HomeController.swift; sourceTree = "<group>"; };
		8A7B1D8B22400B2200E02FF6 /* MenuCell.swift */ = {isa = PBXFileReference; fileEncoding = 4; lastKnownFileType = sourcecode.swift; path = MenuCell.swift; sourceTree = "<group>"; };
		8A7B1D8C22400B2200E02FF6 /* VideoCell.swift */ = {isa = PBXFileReference; fileEncoding = 4; lastKnownFileType = sourcecode.swift; path = VideoCell.swift; sourceTree = "<group>"; };
		8A7B1D9522400BF100E02FF6 /* FBSummryLearn.swift */ = {isa = PBXFileReference; fileEncoding = 4; lastKnownFileType = sourcecode.swift; path = FBSummryLearn.swift; sourceTree = "<group>"; };
		8A7B1D9622400BF100E02FF6 /* CustomTabBarController.swift */ = {isa = PBXFileReference; fileEncoding = 4; lastKnownFileType = sourcecode.swift; path = CustomTabBarController.swift; sourceTree = "<group>"; };
		8A7B1D9722400BF100E02FF6 /* FeedCell.swift */ = {isa = PBXFileReference; fileEncoding = 4; lastKnownFileType = sourcecode.swift; path = FeedCell.swift; sourceTree = "<group>"; };
		8A7B1D9822400BF100E02FF6 /* FeedController.swift */ = {isa = PBXFileReference; fileEncoding = 4; lastKnownFileType = sourcecode.swift; path = FeedController.swift; sourceTree = "<group>"; };
		8A7B1D9922400BF100E02FF6 /* Post.swift */ = {isa = PBXFileReference; fileEncoding = 4; lastKnownFileType = sourcecode.swift; path = Post.swift; sourceTree = "<group>"; };
		8A7B1DAB22400C3500E02FF6 /* QuestionController.swift */ = {isa = PBXFileReference; fileEncoding = 4; lastKnownFileType = sourcecode.swift; path = QuestionController.swift; sourceTree = "<group>"; };
		8A7B1DAC22400C3500E02FF6 /* ResultsVC.swift */ = {isa = PBXFileReference; fileEncoding = 4; lastKnownFileType = sourcecode.swift; path = ResultsVC.swift; sourceTree = "<group>"; };
		8A7B1DAD22400C3500E02FF6 /* QuestionCell.swift */ = {isa = PBXFileReference; fileEncoding = 4; lastKnownFileType = sourcecode.swift; path = QuestionCell.swift; sourceTree = "<group>"; };
		8A7B1DAE22400C3500E02FF6 /* QuestionHeaderCell.swift */ = {isa = PBXFileReference; fileEncoding = 4; lastKnownFileType = sourcecode.swift; path = QuestionHeaderCell.swift; sourceTree = "<group>"; };
		8A7B1DAF22400C3500E02FF6 /* QuestionLearn.swift */ = {isa = PBXFileReference; fileEncoding = 4; lastKnownFileType = sourcecode.swift; path = QuestionLearn.swift; sourceTree = "<group>"; };
		8A7B1DB022400C3500E02FF6 /* Question.swift */ = {isa = PBXFileReference; fileEncoding = 4; lastKnownFileType = sourcecode.swift; path = Question.swift; sourceTree = "<group>"; };
		8A7B1DB722400C6200E02FF6 /* ToDoCell.swift */ = {isa = PBXFileReference; fileEncoding = 4; lastKnownFileType = sourcecode.swift; path = ToDoCell.swift; sourceTree = "<group>"; };
		8A7B1DB822400C6200E02FF6 /* ToDoHeaderCell.swift */ = {isa = PBXFileReference; fileEncoding = 4; lastKnownFileType = sourcecode.swift; path = ToDoHeaderCell.swift; sourceTree = "<group>"; };
		8A7B1DB922400C6200E02FF6 /* ToDoListVC.swift */ = {isa = PBXFileReference; fileEncoding = 4; lastKnownFileType = sourcecode.swift; path = ToDoListVC.swift; sourceTree = "<group>"; };
		8A7B1DBD22400CDE00E02FF6 /* Utilits.swift */ = {isa = PBXFileReference; fileEncoding = 4; lastKnownFileType = sourcecode.swift; path = Utilits.swift; sourceTree = "<group>"; };
		8A7B1DC022400D9000E02FF6 /* R.generated.swift */ = {isa = PBXFileReference; fileEncoding = 4; lastKnownFileType = sourcecode.swift; path = R.generated.swift; sourceTree = SOURCE_ROOT; };
		8A7B1DC222400FD700E02FF6 /* ar */ = {isa = PBXFileReference; lastKnownFileType = text.plist.strings; name = ar; path = ar.lproj/LaunchScreen.strings; sourceTree = "<group>"; };
		8A7B1DC3224019C700E02FF6 /* Video.swift */ = {isa = PBXFileReference; lastKnownFileType = sourcecode.swift; path = Video.swift; sourceTree = "<group>"; };
		8ADC5D3422412352000C82A6 /* CustomImageView.swift */ = {isa = PBXFileReference; fileEncoding = 4; lastKnownFileType = sourcecode.swift; path = CustomImageView.swift; sourceTree = "<group>"; };
		8AEEB1C522469405005BB0E7 /* SettingCell.swift */ = {isa = PBXFileReference; lastKnownFileType = sourcecode.swift; path = SettingCell.swift; sourceTree = "<group>"; };
		8AEEB1C72246BB82005BB0E7 /* APIService.swift */ = {isa = PBXFileReference; lastKnownFileType = sourcecode.swift; path = APIService.swift; sourceTree = "<group>"; };
		8AEEB1DB2248F1A3005BB0E7 /* MenuBar+CollectionView.swift */ = {isa = PBXFileReference; lastKnownFileType = sourcecode.swift; path = "MenuBar+CollectionView.swift"; sourceTree = "<group>"; };
		8AEEB1DF2248F90F005BB0E7 /* ViewController+Delegate.swift */ = {isa = PBXFileReference; lastKnownFileType = sourcecode.swift; path = "ViewController+Delegate.swift"; sourceTree = "<group>"; };
		8AEEB1E122491AD3005BB0E7 /* CustomFeedCell.swift */ = {isa = PBXFileReference; lastKnownFileType = sourcecode.swift; path = CustomFeedCell.swift; sourceTree = "<group>"; };
		8AEEB1E322492719005BB0E7 /* TrendingCell.swift */ = {isa = PBXFileReference; lastKnownFileType = sourcecode.swift; path = TrendingCell.swift; sourceTree = "<group>"; };
		8AEEB1E522492762005BB0E7 /* SubscriptionCell.swift */ = {isa = PBXFileReference; lastKnownFileType = sourcecode.swift; path = SubscriptionCell.swift; sourceTree = "<group>"; };
		8AEEB1E7224929E1005BB0E7 /* VideoPlayerView.swift */ = {isa = PBXFileReference; lastKnownFileType = sourcecode.swift; path = VideoPlayerView.swift; sourceTree = "<group>"; };
		A991DC45597A22361D5D871F /* Pods_LearnIOSTests.framework */ = {isa = PBXFileReference; explicitFileType = wrapper.framework; includeInIndex = 0; path = Pods_LearnIOSTests.framework; sourceTree = BUILT_PRODUCTS_DIR; };
		DD40448BD317723378D4A71F /* Pods-LearnIOS.debug.xcconfig */ = {isa = PBXFileReference; includeInIndex = 1; lastKnownFileType = text.xcconfig; name = "Pods-LearnIOS.debug.xcconfig"; path = "Target Support Files/Pods-LearnIOS/Pods-LearnIOS.debug.xcconfig"; sourceTree = "<group>"; };
		F7488A442526E7D1F8F32816 /* Pods-LearnIOS.release.xcconfig */ = {isa = PBXFileReference; includeInIndex = 1; lastKnownFileType = text.xcconfig; name = "Pods-LearnIOS.release.xcconfig"; path = "Target Support Files/Pods-LearnIOS/Pods-LearnIOS.release.xcconfig"; sourceTree = "<group>"; };
/* End PBXFileReference section */

/* Begin PBXFrameworksBuildPhase section */
		8A26E2AE2234379700E97351 /* Frameworks */ = {
			isa = PBXFrameworksBuildPhase;
			buildActionMask = 2147483647;
			files = (
				99DA002B2614C280C07AE828 /* Pods_LearnIOS.framework in Frameworks */,
			);
			runOnlyForDeploymentPostprocessing = 0;
		};
		8A26E2C22234379A00E97351 /* Frameworks */ = {
			isa = PBXFrameworksBuildPhase;
			buildActionMask = 2147483647;
			files = (
				F0BF85CCAB433EB3023A8225 /* Pods_LearnIOSTests.framework in Frameworks */,
			);
			runOnlyForDeploymentPostprocessing = 0;
		};
/* End PBXFrameworksBuildPhase section */

/* Begin PBXGroup section */
		489607CAA847019215509B3B /* Frameworks */ = {
			isa = PBXGroup;
			children = (
				6C7F174B19C1095219BF5A4E /* Pods_LearnIOS.framework */,
				A991DC45597A22361D5D871F /* Pods_LearnIOSTests.framework */,
			);
			name = Frameworks;
			sourceTree = "<group>";
		};
		8A0C685322468907005C5B57 /* Controller */ = {
			isa = PBXGroup;
			children = (
				8ADC5D3422412352000C82A6 /* CustomImageView.swift */,
			);
			path = Controller;
			sourceTree = "<group>";
		};
		8A26E2A82234379700E97351 = {
			isa = PBXGroup;
			children = (
				8A26E2B32234379700E97351 /* LearnIOS */,
				8A26E2C82234379A00E97351 /* LearnIOSTests */,
				8A26E2B22234379700E97351 /* Products */,
				F5DD6094DF5D4E4C75BEFDE8 /* Pods */,
				489607CAA847019215509B3B /* Frameworks */,
			);
			sourceTree = "<group>";
		};
		8A26E2B22234379700E97351 /* Products */ = {
			isa = PBXGroup;
			children = (
				8A26E2B12234379700E97351 /* LearnIOS.app */,
				8A26E2C52234379A00E97351 /* LearnIOSTests.xctest */,
			);
			name = Products;
			sourceTree = "<group>";
		};
		8A26E2B32234379700E97351 /* LearnIOS */ = {
			isa = PBXGroup;
			children = (
				8AEEB1C92248EAE3005BB0E7 /* Youtube MVP */,
				8A7B1D8822400B0800E02FF6 /* YouTube */,
				8A7B1D9422400BD900E02FF6 /* FB New Feeds */,
				8A26E2E722358E2A00E97351 /* Questionnaire App */,
				8A26E2DB22346C6400E97351 /* TO DO List */,
				8A7B1D9122400B2E00E02FF6 /* Helper */,
				8A26E2E222357A3D00E97351 /* RSS Reader */,
				8A26E2DA22346C5800E97351 /* Caursol Page */,
				8A26E2D922346C4600E97351 /* Custom CollectionView */,
				8A26E2B42234379700E97351 /* AppDelegate.swift */,
				8A26E2BB2234379A00E97351 /* Assets.xcassets */,
				8A26E2BD2234379A00E97351 /* LaunchScreen.storyboard */,
				8A26E2C02234379A00E97351 /* Info.plist */,
			);
			path = LearnIOS;
			sourceTree = "<group>";
		};
		8A26E2C82234379A00E97351 /* LearnIOSTests */ = {
			isa = PBXGroup;
			children = (
				8A26E2C92234379A00E97351 /* LearnIOSTests.swift */,
				8A26E2CB2234379A00E97351 /* Info.plist */,
			);
			path = LearnIOSTests;
			sourceTree = "<group>";
		};
		8A26E2D922346C4600E97351 /* Custom CollectionView */ = {
			isa = PBXGroup;
			children = (
				8A26E2D42234526E00E97351 /* CustomCell.swift */,
				8A26E2B62234379700E97351 /* CustomCollectionView.swift */,
			);
			path = "Custom CollectionView";
			sourceTree = "<group>";
		};
		8A26E2DA22346C5800E97351 /* Caursol Page */ = {
			isa = PBXGroup;
			children = (
				8A26E2D72234671E00E97351 /* CaursolVC.swift */,
			);
			path = "Caursol Page";
			sourceTree = "<group>";
		};
		8A26E2DB22346C6400E97351 /* TO DO List */ = {
			isa = PBXGroup;
			children = (
				8A7B1DB722400C6200E02FF6 /* ToDoCell.swift */,
				8A7B1DB822400C6200E02FF6 /* ToDoHeaderCell.swift */,
				8A7B1DB922400C6200E02FF6 /* ToDoListVC.swift */,
			);
			path = "TO DO List";
			sourceTree = "<group>";
		};
		8A26E2E222357A3D00E97351 /* RSS Reader */ = {
			isa = PBXGroup;
			children = (
				8A26E2E322357A6500E97351 /* EntryCell.swift */,
				8A26E2E522357D7700E97351 /* EntryListVC.swift */,
			);
			path = "RSS Reader";
			sourceTree = "<group>";
		};
		8A26E2E722358E2A00E97351 /* Questionnaire App */ = {
			isa = PBXGroup;
			children = (
				8A7B1DB022400C3500E02FF6 /* Question.swift */,
				8A7B1DAD22400C3500E02FF6 /* QuestionCell.swift */,
				8A7B1DAB22400C3500E02FF6 /* QuestionController.swift */,
				8A7B1DAE22400C3500E02FF6 /* QuestionHeaderCell.swift */,
				8A7B1DAF22400C3500E02FF6 /* QuestionLearn.swift */,
				8A7B1DAC22400C3500E02FF6 /* ResultsVC.swift */,
			);
			path = "Questionnaire App";
			sourceTree = "<group>";
		};
		8A7B1D8822400B0800E02FF6 /* YouTube */ = {
			isa = PBXGroup;
			children = (
				8AEEB1C4224693F5005BB0E7 /* Settings */,
				8A0C685322468907005C5B57 /* Controller */,
				8A7B1D8A22400B2200E02FF6 /* HomeController.swift */,
				8A7B1D8C22400B2200E02FF6 /* VideoCell.swift */,
				8AEEB1C72246BB82005BB0E7 /* APIService.swift */,
			);
			path = YouTube;
			sourceTree = "<group>";
		};
		8A7B1D9122400B2E00E02FF6 /* Helper */ = {
			isa = PBXGroup;
			children = (
				8A7B1DC022400D9000E02FF6 /* R.generated.swift */,
				8A7B1DBD22400CDE00E02FF6 /* Utilits.swift */,
			);
			path = Helper;
			sourceTree = "<group>";
		};
		8A7B1D9422400BD900E02FF6 /* FB New Feeds */ = {
			isa = PBXGroup;
			children = (
				8A7B1D9622400BF100E02FF6 /* CustomTabBarController.swift */,
				8A7B1D9522400BF100E02FF6 /* FBSummryLearn.swift */,
				8A7B1D9722400BF100E02FF6 /* FeedCell.swift */,
				8A7B1D9822400BF100E02FF6 /* FeedController.swift */,
				8A7B1D9922400BF100E02FF6 /* Post.swift */,
			);
			path = "FB New Feeds";
			sourceTree = "<group>";
		};
		8AEEB1C4224693F5005BB0E7 /* Settings */ = {
			isa = PBXGroup;
			children = (
				8A0C68542246891C005C5B57 /* SettingsLauncher.swift */,
				8AEEB1C522469405005BB0E7 /* SettingCell.swift */,
			);
			path = Settings;
			sourceTree = "<group>";
		};
		8AEEB1C92248EAE3005BB0E7 /* Youtube MVP */ = {
			isa = PBXGroup;
			children = (
				8AEEB1D12248EE18005BB0E7 /* Utils */,
				8AEEB1CF2248EDEC005BB0E7 /* DAL */,
				8AEEB1CE2248EC36005BB0E7 /* Scenes */,
			);
			path = "Youtube MVP";
			sourceTree = "<group>";
		};
		8AEEB1CA2248EBC1005BB0E7 /* Home  */ = {
			isa = PBXGroup;
			children = (
				8AEEB1CD2248EBD9005BB0E7 /* Router */,
				8AEEB1CC2248EBD3005BB0E7 /* Presenter */,
				8AEEB1CB2248EBCA005BB0E7 /* View */,
			);
			path = "Home ";
			sourceTree = "<group>";
		};
		8AEEB1CB2248EBCA005BB0E7 /* View */ = {
			isa = PBXGroup;
			children = (
			);
			path = View;
			sourceTree = "<group>";
		};
		8AEEB1CC2248EBD3005BB0E7 /* Presenter */ = {
			isa = PBXGroup;
			children = (
			);
			path = Presenter;
			sourceTree = "<group>";
		};
		8AEEB1CD2248EBD9005BB0E7 /* Router */ = {
			isa = PBXGroup;
			children = (
			);
			path = Router;
			sourceTree = "<group>";
		};
		8AEEB1CE2248EC36005BB0E7 /* Scenes */ = {
			isa = PBXGroup;
			children = (
				8AEEB1CA2248EBC1005BB0E7 /* Home  */,
			);
			path = Scenes;
			sourceTree = "<group>";
		};
		8AEEB1CF2248EDEC005BB0E7 /* DAL */ = {
			isa = PBXGroup;
			children = (
				8AEEB1D32248EE35005BB0E7 /* Service */,
				8AEEB1D22248EE2C005BB0E7 /* Models */,
			);
			path = DAL;
			sourceTree = "<group>";
		};
		8AEEB1D12248EE18005BB0E7 /* Utils */ = {
			isa = PBXGroup;
			children = (
				8AEEB1DD2248F8F5005BB0E7 /* Extensions */,
				8AEEB1D42248F0C6005BB0E7 /* Custom Views */,
			);
			path = Utils;
			sourceTree = "<group>";
		};
		8AEEB1D22248EE2C005BB0E7 /* Models */ = {
			isa = PBXGroup;
			children = (
				8A7B1DC3224019C700E02FF6 /* Video.swift */,
			);
			path = Models;
			sourceTree = "<group>";
		};
		8AEEB1D32248EE35005BB0E7 /* Service */ = {
			isa = PBXGroup;
			children = (
			);
			path = Service;
			sourceTree = "<group>";
		};
		8AEEB1D42248F0C6005BB0E7 /* Custom Views */ = {
			isa = PBXGroup;
			children = (
				8AEEB1D52248F0CD005BB0E7 /* Menu Bar */,
			);
			path = "Custom Views";
			sourceTree = "<group>";
		};
		8AEEB1D52248F0CD005BB0E7 /* Menu Bar */ = {
			isa = PBXGroup;
			children = (
				8AEEB1D82248F106005BB0E7 /* Router */,
				8AEEB1D72248F0FF005BB0E7 /* Presenter */,
				8AEEB1D62248F0FB005BB0E7 /* View */,
			);
			path = "Menu Bar";
			sourceTree = "<group>";
		};
		8AEEB1D62248F0FB005BB0E7 /* View */ = {
			isa = PBXGroup;
			children = (
				8AEEB1D92248F125005BB0E7 /* Menu CEll */,
				8A7B1D8922400B2200E02FF6 /* MenuBar.swift */,
				8AEEB1E122491AD3005BB0E7 /* CustomFeedCell.swift */,
				8AEEB1DB2248F1A3005BB0E7 /* MenuBar+CollectionView.swift */,
				8AEEB1E322492719005BB0E7 /* TrendingCell.swift */,
				8AEEB1E522492762005BB0E7 /* SubscriptionCell.swift */,
			);
			path = View;
			sourceTree = "<group>";
		};
		8AEEB1D72248F0FF005BB0E7 /* Presenter */ = {
			isa = PBXGroup;
			children = (
			);
			path = Presenter;
			sourceTree = "<group>";
		};
		8AEEB1D82248F106005BB0E7 /* Router */ = {
			isa = PBXGroup;
			children = (
			);
			path = Router;
			sourceTree = "<group>";
		};
		8AEEB1D92248F125005BB0E7 /* Menu CEll */ = {
			isa = PBXGroup;
			children = (
				8A7B1D8B22400B2200E02FF6 /* MenuCell.swift */,
				8AEEB1E7224929E1005BB0E7 /* VideoPlayerView.swift */,
			);
			path = "Menu CEll";
			sourceTree = "<group>";
		};
		8AEEB1DD2248F8F5005BB0E7 /* Extensions */ = {
			isa = PBXGroup;
			children = (
				8AEEB1DE2248F8FB005BB0E7 /* ViewController+Delegate */,
			);
			path = Extensions;
			sourceTree = "<group>";
		};
		8AEEB1DE2248F8FB005BB0E7 /* ViewController+Delegate */ = {
			isa = PBXGroup;
			children = (
				8AEEB1DF2248F90F005BB0E7 /* ViewController+Delegate.swift */,
			);
			path = "ViewController+Delegate";
			sourceTree = "<group>";
		};
		F5DD6094DF5D4E4C75BEFDE8 /* Pods */ = {
			isa = PBXGroup;
			children = (
				DD40448BD317723378D4A71F /* Pods-LearnIOS.debug.xcconfig */,
				F7488A442526E7D1F8F32816 /* Pods-LearnIOS.release.xcconfig */,
				7633C478E532AB77DA33280A /* Pods-LearnIOSTests.debug.xcconfig */,
				09754341102D2CC2A321DE67 /* Pods-LearnIOSTests.release.xcconfig */,
			);
			path = Pods;
			sourceTree = "<group>";
		};
/* End PBXGroup section */

/* Begin PBXNativeTarget section */
		8A26E2B02234379700E97351 /* LearnIOS */ = {
			isa = PBXNativeTarget;
			buildConfigurationList = 8A26E2CE2234379A00E97351 /* Build configuration list for PBXNativeTarget "LearnIOS" */;
			buildPhases = (
				695EB8A980F8ABC1F966F75D /* [CP] Check Pods Manifest.lock */,
				8A7B1DBF22400D2B00E02FF6 /* RSwift */,
				8A26E2AD2234379700E97351 /* Sources */,
				8A26E2AE2234379700E97351 /* Frameworks */,
				8A26E2AF2234379700E97351 /* Resources */,
				0DA63E18E9B16156B815081C /* [CP] Embed Pods Frameworks */,
			);
			buildRules = (
			);
			dependencies = (
			);
			name = LearnIOS;
			productName = LearnIOS;
			productReference = 8A26E2B12234379700E97351 /* LearnIOS.app */;
			productType = "com.apple.product-type.application";
		};
		8A26E2C42234379A00E97351 /* LearnIOSTests */ = {
			isa = PBXNativeTarget;
			buildConfigurationList = 8A26E2D12234379A00E97351 /* Build configuration list for PBXNativeTarget "LearnIOSTests" */;
			buildPhases = (
				C7099DED968E305FA212AD8E /* [CP] Check Pods Manifest.lock */,
				8A26E2C12234379A00E97351 /* Sources */,
				8A26E2C22234379A00E97351 /* Frameworks */,
				8A26E2C32234379A00E97351 /* Resources */,
			);
			buildRules = (
			);
			dependencies = (
				8A26E2C72234379A00E97351 /* PBXTargetDependency */,
			);
			name = LearnIOSTests;
			productName = LearnIOSTests;
			productReference = 8A26E2C52234379A00E97351 /* LearnIOSTests.xctest */;
			productType = "com.apple.product-type.bundle.unit-test";
		};
/* End PBXNativeTarget section */

/* Begin PBXProject section */
		8A26E2A92234379700E97351 /* Project object */ = {
			isa = PBXProject;
			attributes = {
				LastSwiftUpdateCheck = 1010;
				LastUpgradeCheck = 1010;
				ORGANIZATIONNAME = "Nermeen Mohamed";
				TargetAttributes = {
					8A26E2B02234379700E97351 = {
						CreatedOnToolsVersion = 10.1;
					};
					8A26E2C42234379A00E97351 = {
						CreatedOnToolsVersion = 10.1;
						TestTargetID = 8A26E2B02234379700E97351;
					};
				};
			};
			buildConfigurationList = 8A26E2AC2234379700E97351 /* Build configuration list for PBXProject "LearnIOS" */;
			compatibilityVersion = "Xcode 9.3";
			developmentRegion = en;
			hasScannedForEncodings = 0;
			knownRegions = (
				en,
				Base,
			);
			mainGroup = 8A26E2A82234379700E97351;
			productRefGroup = 8A26E2B22234379700E97351 /* Products */;
			projectDirPath = "";
			projectRoot = "";
			targets = (
				8A26E2B02234379700E97351 /* LearnIOS */,
				8A26E2C42234379A00E97351 /* LearnIOSTests */,
			);
		};
/* End PBXProject section */

/* Begin PBXResourcesBuildPhase section */
		8A26E2AF2234379700E97351 /* Resources */ = {
			isa = PBXResourcesBuildPhase;
			buildActionMask = 2147483647;
			files = (
				8A26E2BF2234379A00E97351 /* LaunchScreen.storyboard in Resources */,
				8A26E2BC2234379A00E97351 /* Assets.xcassets in Resources */,
			);
			runOnlyForDeploymentPostprocessing = 0;
		};
		8A26E2C32234379A00E97351 /* Resources */ = {
			isa = PBXResourcesBuildPhase;
			buildActionMask = 2147483647;
			files = (
			);
			runOnlyForDeploymentPostprocessing = 0;
		};
/* End PBXResourcesBuildPhase section */

/* Begin PBXShellScriptBuildPhase section */
		0DA63E18E9B16156B815081C /* [CP] Embed Pods Frameworks */ = {
			isa = PBXShellScriptBuildPhase;
			buildActionMask = 2147483647;
			files = (
			);
			inputFileListPaths = (
			);
			inputPaths = (
				"${PODS_ROOT}/Target Support Files/Pods-LearnIOS/Pods-LearnIOS-frameworks.sh",
				"${BUILT_PRODUCTS_DIR}/R.swift.Library/Rswift.framework",
			);
			name = "[CP] Embed Pods Frameworks";
			outputFileListPaths = (
			);
			outputPaths = (
				"${TARGET_BUILD_DIR}/${FRAMEWORKS_FOLDER_PATH}/Rswift.framework",
			);
			runOnlyForDeploymentPostprocessing = 0;
			shellPath = /bin/sh;
			shellScript = "\"${PODS_ROOT}/Target Support Files/Pods-LearnIOS/Pods-LearnIOS-frameworks.sh\"\n";
			showEnvVarsInLog = 0;
		};
		695EB8A980F8ABC1F966F75D /* [CP] Check Pods Manifest.lock */ = {
			isa = PBXShellScriptBuildPhase;
			buildActionMask = 2147483647;
			files = (
			);
			inputFileListPaths = (
			);
			inputPaths = (
				"${PODS_PODFILE_DIR_PATH}/Podfile.lock",
				"${PODS_ROOT}/Manifest.lock",
			);
			name = "[CP] Check Pods Manifest.lock";
			outputFileListPaths = (
			);
			outputPaths = (
				"$(DERIVED_FILE_DIR)/Pods-LearnIOS-checkManifestLockResult.txt",
			);
			runOnlyForDeploymentPostprocessing = 0;
			shellPath = /bin/sh;
			shellScript = "diff \"${PODS_PODFILE_DIR_PATH}/Podfile.lock\" \"${PODS_ROOT}/Manifest.lock\" > /dev/null\nif [ $? != 0 ] ; then\n    # print error to STDERR\n    echo \"error: The sandbox is not in sync with the Podfile.lock. Run 'pod install' or update your CocoaPods installation.\" >&2\n    exit 1\nfi\n# This output is used by Xcode 'outputs' to avoid re-running this script phase.\necho \"SUCCESS\" > \"${SCRIPT_OUTPUT_FILE_0}\"\n";
			showEnvVarsInLog = 0;
		};
		8A7B1DBF22400D2B00E02FF6 /* RSwift */ = {
			isa = PBXShellScriptBuildPhase;
			buildActionMask = 2147483647;
			files = (
			);
			inputFileListPaths = (
			);
			inputPaths = (
				"$TEMP_DIR/rswift-lastrun",
			);
			name = RSwift;
			outputFileListPaths = (
			);
			outputPaths = (
				$SRCROOT/R.generated.swift,
			);
			runOnlyForDeploymentPostprocessing = 0;
			shellPath = /bin/sh;
			shellScript = "\"$PODS_ROOT/R.swift/rswift\" generate \"$SRCROOT/R.generated.swift\"\n";
		};
		C7099DED968E305FA212AD8E /* [CP] Check Pods Manifest.lock */ = {
			isa = PBXShellScriptBuildPhase;
			buildActionMask = 2147483647;
			files = (
			);
			inputFileListPaths = (
			);
			inputPaths = (
				"${PODS_PODFILE_DIR_PATH}/Podfile.lock",
				"${PODS_ROOT}/Manifest.lock",
			);
			name = "[CP] Check Pods Manifest.lock";
			outputFileListPaths = (
			);
			outputPaths = (
				"$(DERIVED_FILE_DIR)/Pods-LearnIOSTests-checkManifestLockResult.txt",
			);
			runOnlyForDeploymentPostprocessing = 0;
			shellPath = /bin/sh;
			shellScript = "diff \"${PODS_PODFILE_DIR_PATH}/Podfile.lock\" \"${PODS_ROOT}/Manifest.lock\" > /dev/null\nif [ $? != 0 ] ; then\n    # print error to STDERR\n    echo \"error: The sandbox is not in sync with the Podfile.lock. Run 'pod install' or update your CocoaPods installation.\" >&2\n    exit 1\nfi\n# This output is used by Xcode 'outputs' to avoid re-running this script phase.\necho \"SUCCESS\" > \"${SCRIPT_OUTPUT_FILE_0}\"\n";
			showEnvVarsInLog = 0;
		};
/* End PBXShellScriptBuildPhase section */

/* Begin PBXSourcesBuildPhase section */
		8A26E2AD2234379700E97351 /* Sources */ = {
			isa = PBXSourcesBuildPhase;
			buildActionMask = 2147483647;
			files = (
				8A7B1DBE22400CDE00E02FF6 /* Utilits.swift in Sources */,
				8A7B1D9D22400BF100E02FF6 /* FeedController.swift in Sources */,
				8A26E2D82234671E00E97351 /* CaursolVC.swift in Sources */,
				8A7B1D9E22400BF100E02FF6 /* Post.swift in Sources */,
				8A7B1DC4224019C700E02FF6 /* Video.swift in Sources */,
				8A7B1DB322400C3500E02FF6 /* QuestionCell.swift in Sources */,
				8A7B1D8F22400B2300E02FF6 /* MenuCell.swift in Sources */,
				8AEEB1E422492719005BB0E7 /* TrendingCell.swift in Sources */,
				8A7B1D8D22400B2300E02FF6 /* MenuBar.swift in Sources */,
				8AEEB1C622469405005BB0E7 /* SettingCell.swift in Sources */,
				8A7B1DBC22400C6200E02FF6 /* ToDoListVC.swift in Sources */,
				8A7B1DB122400C3500E02FF6 /* QuestionController.swift in Sources */,
				8A7B1D9A22400BF100E02FF6 /* FBSummryLearn.swift in Sources */,
				8A7B1DB622400C3500E02FF6 /* Question.swift in Sources */,
				8A26E2B72234379700E97351 /* CustomCollectionView.swift in Sources */,
				8A7B1D9B22400BF100E02FF6 /* CustomTabBarController.swift in Sources */,
				8AEEB1E02248F90F005BB0E7 /* ViewController+Delegate.swift in Sources */,
				8A26E2E422357A6500E97351 /* EntryCell.swift in Sources */,
				8AEEB1E8224929E1005BB0E7 /* VideoPlayerView.swift in Sources */,
				8A7B1DBB22400C6200E02FF6 /* ToDoHeaderCell.swift in Sources */,
				8A7B1D8E22400B2300E02FF6 /* HomeController.swift in Sources */,
				8AEEB1E222491AD3005BB0E7 /* CustomFeedCell.swift in Sources */,
				8ADC5D3522412352000C82A6 /* CustomImageView.swift in Sources */,
				8AEEB1E622492762005BB0E7 /* SubscriptionCell.swift in Sources */,
				8A7B1DB222400C3500E02FF6 /* ResultsVC.swift in Sources */,
				8A7B1DB522400C3500E02FF6 /* QuestionLearn.swift in Sources */,
				8A7B1DBA22400C6200E02FF6 /* ToDoCell.swift in Sources */,
				8AEEB1DC2248F1A3005BB0E7 /* MenuBar+CollectionView.swift in Sources */,
				8A7B1DC122400D9000E02FF6 /* R.generated.swift in Sources */,
				8A7B1D9C22400BF100E02FF6 /* FeedCell.swift in Sources */,
				8A7B1D9022400B2300E02FF6 /* VideoCell.swift in Sources */,
				8A26E2D52234526E00E97351 /* CustomCell.swift in Sources */,
				8AEEB1C82246BB82005BB0E7 /* APIService.swift in Sources */,
				8A26E2B52234379700E97351 /* AppDelegate.swift in Sources */,
				8A7B1DB422400C3500E02FF6 /* QuestionHeaderCell.swift in Sources */,
				8A26E2E622357D7700E97351 /* EntryListVC.swift in Sources */,
				8A0C68552246891C005C5B57 /* SettingsLauncher.swift in Sources */,
			);
			runOnlyForDeploymentPostprocessing = 0;
		};
		8A26E2C12234379A00E97351 /* Sources */ = {
			isa = PBXSourcesBuildPhase;
			buildActionMask = 2147483647;
			files = (
				8A26E2CA2234379A00E97351 /* LearnIOSTests.swift in Sources */,
			);
			runOnlyForDeploymentPostprocessing = 0;
		};
/* End PBXSourcesBuildPhase section */

/* Begin PBXTargetDependency section */
		8A26E2C72234379A00E97351 /* PBXTargetDependency */ = {
			isa = PBXTargetDependency;
			target = 8A26E2B02234379700E97351 /* LearnIOS */;
			targetProxy = 8A26E2C62234379A00E97351 /* PBXContainerItemProxy */;
		};
/* End PBXTargetDependency section */

/* Begin PBXVariantGroup section */
		8A26E2BD2234379A00E97351 /* LaunchScreen.storyboard */ = {
			isa = PBXVariantGroup;
			children = (
				8A26E2BE2234379A00E97351 /* Base */,
				8A7B1DC222400FD700E02FF6 /* ar */,
			);
			name = LaunchScreen.storyboard;
			sourceTree = "<group>";
		};
/* End PBXVariantGroup section */

/* Begin XCBuildConfiguration section */
		8A26E2CC2234379A00E97351 /* Debug */ = {
			isa = XCBuildConfiguration;
			buildSettings = {
				ALWAYS_SEARCH_USER_PATHS = NO;
				CLANG_ANALYZER_LOCALIZABILITY_NONLOCALIZED = YES;
				CLANG_ANALYZER_NONNULL = YES;
				CLANG_ANALYZER_NUMBER_OBJECT_CONVERSION = YES_AGGRESSIVE;
				CLANG_CXX_LANGUAGE_STANDARD = "gnu++14";
				CLANG_CXX_LIBRARY = "libc++";
				CLANG_ENABLE_MODULES = YES;
				CLANG_ENABLE_OBJC_ARC = YES;
				CLANG_ENABLE_OBJC_WEAK = YES;
				CLANG_WARN_BLOCK_CAPTURE_AUTORELEASING = YES;
				CLANG_WARN_BOOL_CONVERSION = YES;
				CLANG_WARN_COMMA = YES;
				CLANG_WARN_CONSTANT_CONVERSION = YES;
				CLANG_WARN_DEPRECATED_OBJC_IMPLEMENTATIONS = YES;
				CLANG_WARN_DIRECT_OBJC_ISA_USAGE = YES_ERROR;
				CLANG_WARN_DOCUMENTATION_COMMENTS = YES;
				CLANG_WARN_EMPTY_BODY = YES;
				CLANG_WARN_ENUM_CONVERSION = YES;
				CLANG_WARN_INFINITE_RECURSION = YES;
				CLANG_WARN_INT_CONVERSION = YES;
				CLANG_WARN_NON_LITERAL_NULL_CONVERSION = YES;
				CLANG_WARN_OBJC_IMPLICIT_RETAIN_SELF = YES;
				CLANG_WARN_OBJC_LITERAL_CONVERSION = YES;
				CLANG_WARN_OBJC_ROOT_CLASS = YES_ERROR;
				CLANG_WARN_RANGE_LOOP_ANALYSIS = YES;
				CLANG_WARN_STRICT_PROTOTYPES = YES;
				CLANG_WARN_SUSPICIOUS_MOVE = YES;
				CLANG_WARN_UNGUARDED_AVAILABILITY = YES_AGGRESSIVE;
				CLANG_WARN_UNREACHABLE_CODE = YES;
				CLANG_WARN__DUPLICATE_METHOD_MATCH = YES;
				CODE_SIGN_IDENTITY = "iPhone Developer";
				COPY_PHASE_STRIP = NO;
				DEBUG_INFORMATION_FORMAT = dwarf;
				ENABLE_STRICT_OBJC_MSGSEND = YES;
				ENABLE_TESTABILITY = YES;
				GCC_C_LANGUAGE_STANDARD = gnu11;
				GCC_DYNAMIC_NO_PIC = NO;
				GCC_NO_COMMON_BLOCKS = YES;
				GCC_OPTIMIZATION_LEVEL = 0;
				GCC_PREPROCESSOR_DEFINITIONS = (
					"DEBUG=1",
					"$(inherited)",
				);
				GCC_WARN_64_TO_32_BIT_CONVERSION = YES;
				GCC_WARN_ABOUT_RETURN_TYPE = YES_ERROR;
				GCC_WARN_UNDECLARED_SELECTOR = YES;
				GCC_WARN_UNINITIALIZED_AUTOS = YES_AGGRESSIVE;
				GCC_WARN_UNUSED_FUNCTION = YES;
				GCC_WARN_UNUSED_VARIABLE = YES;
				IPHONEOS_DEPLOYMENT_TARGET = 12.1;
				MTL_ENABLE_DEBUG_INFO = INCLUDE_SOURCE;
				MTL_FAST_MATH = YES;
				ONLY_ACTIVE_ARCH = YES;
				SDKROOT = iphoneos;
				SWIFT_ACTIVE_COMPILATION_CONDITIONS = DEBUG;
				SWIFT_OPTIMIZATION_LEVEL = "-Onone";
			};
			name = Debug;
		};
		8A26E2CD2234379A00E97351 /* Release */ = {
			isa = XCBuildConfiguration;
			buildSettings = {
				ALWAYS_SEARCH_USER_PATHS = NO;
				CLANG_ANALYZER_LOCALIZABILITY_NONLOCALIZED = YES;
				CLANG_ANALYZER_NONNULL = YES;
				CLANG_ANALYZER_NUMBER_OBJECT_CONVERSION = YES_AGGRESSIVE;
				CLANG_CXX_LANGUAGE_STANDARD = "gnu++14";
				CLANG_CXX_LIBRARY = "libc++";
				CLANG_ENABLE_MODULES = YES;
				CLANG_ENABLE_OBJC_ARC = YES;
				CLANG_ENABLE_OBJC_WEAK = YES;
				CLANG_WARN_BLOCK_CAPTURE_AUTORELEASING = YES;
				CLANG_WARN_BOOL_CONVERSION = YES;
				CLANG_WARN_COMMA = YES;
				CLANG_WARN_CONSTANT_CONVERSION = YES;
				CLANG_WARN_DEPRECATED_OBJC_IMPLEMENTATIONS = YES;
				CLANG_WARN_DIRECT_OBJC_ISA_USAGE = YES_ERROR;
				CLANG_WARN_DOCUMENTATION_COMMENTS = YES;
				CLANG_WARN_EMPTY_BODY = YES;
				CLANG_WARN_ENUM_CONVERSION = YES;
				CLANG_WARN_INFINITE_RECURSION = YES;
				CLANG_WARN_INT_CONVERSION = YES;
				CLANG_WARN_NON_LITERAL_NULL_CONVERSION = YES;
				CLANG_WARN_OBJC_IMPLICIT_RETAIN_SELF = YES;
				CLANG_WARN_OBJC_LITERAL_CONVERSION = YES;
				CLANG_WARN_OBJC_ROOT_CLASS = YES_ERROR;
				CLANG_WARN_RANGE_LOOP_ANALYSIS = YES;
				CLANG_WARN_STRICT_PROTOTYPES = YES;
				CLANG_WARN_SUSPICIOUS_MOVE = YES;
				CLANG_WARN_UNGUARDED_AVAILABILITY = YES_AGGRESSIVE;
				CLANG_WARN_UNREACHABLE_CODE = YES;
				CLANG_WARN__DUPLICATE_METHOD_MATCH = YES;
				CODE_SIGN_IDENTITY = "iPhone Developer";
				COPY_PHASE_STRIP = NO;
				DEBUG_INFORMATION_FORMAT = "dwarf-with-dsym";
				ENABLE_NS_ASSERTIONS = NO;
				ENABLE_STRICT_OBJC_MSGSEND = YES;
				GCC_C_LANGUAGE_STANDARD = gnu11;
				GCC_NO_COMMON_BLOCKS = YES;
				GCC_WARN_64_TO_32_BIT_CONVERSION = YES;
				GCC_WARN_ABOUT_RETURN_TYPE = YES_ERROR;
				GCC_WARN_UNDECLARED_SELECTOR = YES;
				GCC_WARN_UNINITIALIZED_AUTOS = YES_AGGRESSIVE;
				GCC_WARN_UNUSED_FUNCTION = YES;
				GCC_WARN_UNUSED_VARIABLE = YES;
				IPHONEOS_DEPLOYMENT_TARGET = 12.1;
				MTL_ENABLE_DEBUG_INFO = NO;
				MTL_FAST_MATH = YES;
				SDKROOT = iphoneos;
				SWIFT_COMPILATION_MODE = wholemodule;
				SWIFT_OPTIMIZATION_LEVEL = "-O";
				VALIDATE_PRODUCT = YES;
			};
			name = Release;
		};
		8A26E2CF2234379A00E97351 /* Debug */ = {
			isa = XCBuildConfiguration;
			baseConfigurationReference = DD40448BD317723378D4A71F /* Pods-LearnIOS.debug.xcconfig */;
			buildSettings = {
				ASSETCATALOG_COMPILER_APPICON_NAME = AppIcon;
				CODE_SIGN_STYLE = Automatic;
				DEVELOPMENT_TEAM = "";
				INFOPLIST_FILE = LearnIOS/Info.plist;
				IPHONEOS_DEPLOYMENT_TARGET = 9.3;
				LD_RUNPATH_SEARCH_PATHS = (
					"$(inherited)",
					"@executable_path/Frameworks",
				);
				PRODUCT_BUNDLE_IDENTIFIER = com.nermeen.LearnIOS;
				PRODUCT_NAME = "$(TARGET_NAME)";
				SWIFT_VERSION = 4.2;
				TARGETED_DEVICE_FAMILY = "1,2";
			};
			name = Debug;
		};
		8A26E2D02234379A00E97351 /* Release */ = {
			isa = XCBuildConfiguration;
			baseConfigurationReference = F7488A442526E7D1F8F32816 /* Pods-LearnIOS.release.xcconfig */;
			buildSettings = {
				ASSETCATALOG_COMPILER_APPICON_NAME = AppIcon;
				CODE_SIGN_STYLE = Automatic;
				DEVELOPMENT_TEAM = "";
				INFOPLIST_FILE = LearnIOS/Info.plist;
				IPHONEOS_DEPLOYMENT_TARGET = 9.3;
				LD_RUNPATH_SEARCH_PATHS = (
					"$(inherited)",
					"@executable_path/Frameworks",
				);
				PRODUCT_BUNDLE_IDENTIFIER = com.nermeen.LearnIOS;
				PRODUCT_NAME = "$(TARGET_NAME)";
				SWIFT_VERSION = 4.2;
				TARGETED_DEVICE_FAMILY = "1,2";
			};
			name = Release;
		};
		8A26E2D22234379A00E97351 /* Debug */ = {
			isa = XCBuildConfiguration;
			baseConfigurationReference = 7633C478E532AB77DA33280A /* Pods-LearnIOSTests.debug.xcconfig */;
			buildSettings = {
				ALWAYS_EMBED_SWIFT_STANDARD_LIBRARIES = YES;
				BUNDLE_LOADER = "$(TEST_HOST)";
				CODE_SIGN_STYLE = Automatic;
				DEVELOPMENT_TEAM = TRBJQ2KPMB;
				INFOPLIST_FILE = LearnIOSTests/Info.plist;
				LD_RUNPATH_SEARCH_PATHS = (
					"$(inherited)",
					"@executable_path/Frameworks",
					"@loader_path/Frameworks",
				);
				PRODUCT_BUNDLE_IDENTIFIER = com.nermeen.LearnIOSTests;
				PRODUCT_NAME = "$(TARGET_NAME)";
				SWIFT_VERSION = 4.2;
				TARGETED_DEVICE_FAMILY = "1,2";
				TEST_HOST = "$(BUILT_PRODUCTS_DIR)/LearnIOS.app/LearnIOS";
			};
			name = Debug;
		};
		8A26E2D32234379A00E97351 /* Release */ = {
			isa = XCBuildConfiguration;
			baseConfigurationReference = 09754341102D2CC2A321DE67 /* Pods-LearnIOSTests.release.xcconfig */;
			buildSettings = {
				ALWAYS_EMBED_SWIFT_STANDARD_LIBRARIES = YES;
				BUNDLE_LOADER = "$(TEST_HOST)";
				CODE_SIGN_STYLE = Automatic;
				DEVELOPMENT_TEAM = TRBJQ2KPMB;
				INFOPLIST_FILE = LearnIOSTests/Info.plist;
				LD_RUNPATH_SEARCH_PATHS = (
					"$(inherited)",
					"@executable_path/Frameworks",
					"@loader_path/Frameworks",
				);
				PRODUCT_BUNDLE_IDENTIFIER = com.nermeen.LearnIOSTests;
				PRODUCT_NAME = "$(TARGET_NAME)";
				SWIFT_VERSION = 4.2;
				TARGETED_DEVICE_FAMILY = "1,2";
				TEST_HOST = "$(BUILT_PRODUCTS_DIR)/LearnIOS.app/LearnIOS";
			};
			name = Release;
		};
/* End XCBuildConfiguration section */

/* Begin XCConfigurationList section */
		8A26E2AC2234379700E97351 /* Build configuration list for PBXProject "LearnIOS" */ = {
			isa = XCConfigurationList;
			buildConfigurations = (
				8A26E2CC2234379A00E97351 /* Debug */,
				8A26E2CD2234379A00E97351 /* Release */,
			);
			defaultConfigurationIsVisible = 0;
			defaultConfigurationName = Release;
		};
		8A26E2CE2234379A00E97351 /* Build configuration list for PBXNativeTarget "LearnIOS" */ = {
			isa = XCConfigurationList;
			buildConfigurations = (
				8A26E2CF2234379A00E97351 /* Debug */,
				8A26E2D02234379A00E97351 /* Release */,
			);
			defaultConfigurationIsVisible = 0;
			defaultConfigurationName = Release;
		};
		8A26E2D12234379A00E97351 /* Build configuration list for PBXNativeTarget "LearnIOSTests" */ = {
			isa = XCConfigurationList;
			buildConfigurations = (
				8A26E2D22234379A00E97351 /* Debug */,
				8A26E2D32234379A00E97351 /* Release */,
			);
			defaultConfigurationIsVisible = 0;
			defaultConfigurationName = Release;
		};
/* End XCConfigurationList section */
	};
	rootObject = 8A26E2A92234379700E97351 /* Project object */;
}
